
Microsoft Visual Studio Solution File, Format Version 12.00
# Visual Studio Version 16
VisualStudioVersion = 16.0.31410.357
MinimumVisualStudioVersion = 10.0.40219.1
Project("{2150E333-8FDC-42A3-9474-1A3956D46DE8}") = "Core", "Core", "{25BC5118-2193-4A92-86B7-D79BB5D4DC52}"
EndProject
Project("{2150E333-8FDC-42A3-9474-1A3956D46DE8}") = "Infrastructure", "Infrastructure", "{3E111783-BF48-4813-BF83-15A4175813C1}"
EndProject
Project("{2150E333-8FDC-42A3-9474-1A3956D46DE8}") = "Presentation", "Presentation", "{01F16F15-B3DE-47DD-BB0A-FBC07731A657}"
EndProject
Project("{FAE04EC0-301F-11D3-BF4B-00C04F79EFBC}") = "Domain", "Domain\Domain.csproj", "{01C0C6CD-D4AA-4ADC-AEBD-F2C4CA552DB7}"
EndProject
Project("{FAE04EC0-301F-11D3-BF4B-00C04F79EFBC}") = "Application", "Application\Application.csproj", "{62BF95BC-BC93-460F-AEBF-C66D64EE9634}"
EndProject
Project("{FAE04EC0-301F-11D3-BF4B-00C04F79EFBC}") = "Persistence", "Persistence\Persistence.csproj", "{EBC19C59-6700-428F-91E8-473C517EFD2D}"
EndProject
Project("{FAE04EC0-301F-11D3-BF4B-00C04F79EFBC}") = "WebApi", "WebApi\WebApi.csproj", "{3291A44C-B9B7-4300-B20D-21FA4FB9495A}"
EndProject
Global
	GlobalSection(SolutionConfigurationPlatforms) = preSolution
		Debug|Any CPU = Debug|Any CPU
		Release|Any CPU = Release|Any CPU
	EndGlobalSection
	GlobalSection(ProjectConfigurationPlatforms) = postSolution
		{01C0C6CD-D4AA-4ADC-AEBD-F2C4CA552DB7}.Debug|Any CPU.ActiveCfg = Debug|Any CPU
		{01C0C6CD-D4AA-4ADC-AEBD-F2C4CA552DB7}.Debug|Any CPU.Build.0 = Debug|Any CPU
		{01C0C6CD-D4AA-4ADC-AEBD-F2C4CA552DB7}.Release|Any CPU.ActiveCfg = Release|Any CPU
		{01C0C6CD-D4AA-4ADC-AEBD-F2C4CA552DB7}.Release|Any CPU.Build.0 = Release|Any CPU
		{62BF95BC-BC93-460F-AEBF-C66D64EE9634}.Debug|Any CPU.ActiveCfg = Debug|Any CPU
		{62BF95BC-BC93-460F-AEBF-C66D64EE9634}.Debug|Any CPU.Build.0 = Debug|Any CPU
		{62BF95BC-BC93-460F-AEBF-C66D64EE9634}.Release|Any CPU.ActiveCfg = Release|Any CPU
		{62BF95BC-BC93-460F-AEBF-C66D64EE9634}.Release|Any CPU.Build.0 = Release|Any CPU
		{EBC19C59-6700-428F-91E8-473C517EFD2D}.Debug|Any CPU.ActiveCfg = Debug|Any CPU
		{EBC19C59-6700-428F-91E8-473C517EFD2D}.Debug|Any CPU.Build.0 = Debug|Any CPU
		{EBC19C59-6700-428F-91E8-473C517EFD2D}.Release|Any CPU.ActiveCfg = Release|Any CPU
		{EBC19C59-6700-428F-91E8-473C517EFD2D}.Release|Any CPU.Build.0 = Release|Any CPU
		{3291A44C-B9B7-4300-B20D-21FA4FB9495A}.Debug|Any CPU.ActiveCfg = Debug|Any CPU
		{3291A44C-B9B7-4300-B20D-21FA4FB9495A}.Debug|Any CPU.Build.0 = Debug|Any CPU
		{3291A44C-B9B7-4300-B20D-21FA4FB9495A}.Release|Any CPU.ActiveCfg = Release|Any CPU
		{3291A44C-B9B7-4300-B20D-21FA4FB9495A}.Release|Any CPU.Build.0 = Release|Any CPU
	EndGlobalSection
	GlobalSection(SolutionProperties) = preSolution
		HideSolutionNode = FALSE
	EndGlobalSection
	GlobalSection(NestedProjects) = preSolution
		{01C0C6CD-D4AA-4ADC-AEBD-F2C4CA552DB7} = {25BC5118-2193-4A92-86B7-D79BB5D4DC52}
		{62BF95BC-BC93-460F-AEBF-C66D64EE9634} = {25BC5118-2193-4A92-86B7-D79BB5D4DC52}
		{EBC19C59-6700-428F-91E8-473C517EFD2D} = {3E111783-BF48-4813-BF83-15A4175813C1}
		{3291A44C-B9B7-4300-B20D-21FA4FB9495A} = {01F16F15-B3DE-47DD-BB0A-FBC07731A657}
	EndGlobalSection
	GlobalSection(ExtensibilityGlobals) = postSolution
		SolutionGuid = {C55E6AAE-B292-4A3A-9D8B-A80EA8DA81A7}
	EndGlobalSection
EndGlobal
